
Microsoft Visual Studio Solution File, Format Version 12.00
# Visual Studio 14
VisualStudioVersion = 14.0.25420.1
MinimumVisualStudioVersion = 10.0.40219.1
Project("{FAE04EC0-301F-11D3-BF4B-00C04F79EFBC}") = "Website", "Website\Website.csproj", "{7D30F2FD-110B-4F99-ABCF-97F2B98661A0}"
EndProject
Project("{FAE04EC0-301F-11D3-BF4B-00C04F79EFBC}") = "Framework", "Framework\Framework.csproj", "{3F3CB7D5-DDA3-4FA5-AD35-FFDF72AFBCD9}"
EndProject
Project("{FAE04EC0-301F-11D3-BF4B-00C04F79EFBC}") = "Config", "Config\Config.csproj", "{CC321900-0145-4CB5-B4C0-78C5831EEB17}"
EndProject
Project("{FAE04EC0-301F-11D3-BF4B-00C04F79EFBC}") = "Tools", "Tools\Tools.csproj", "{259229F2-DAD2-412A-AEDB-AF851BDBB731}"
EndProject
Global
	GlobalSection(SolutionConfigurationPlatforms) = preSolution
		Debug|Any CPU = Debug|Any CPU
		Release|Any CPU = Release|Any CPU
	EndGlobalSection
	GlobalSection(ProjectConfigurationPlatforms) = postSolution
		{7D30F2FD-110B-4F99-ABCF-97F2B98661A0}.Debug|Any CPU.ActiveCfg = Debug|Any CPU
		{7D30F2FD-110B-4F99-ABCF-97F2B98661A0}.Debug|Any CPU.Build.0 = Debug|Any CPU
		{7D30F2FD-110B-4F99-ABCF-97F2B98661A0}.Release|Any CPU.ActiveCfg = Release|Any CPU
		{7D30F2FD-110B-4F99-ABCF-97F2B98661A0}.Release|Any CPU.Build.0 = Release|Any CPU
		{3F3CB7D5-DDA3-4FA5-AD35-FFDF72AFBCD9}.Debug|Any CPU.ActiveCfg = Debug|Any CPU
		{3F3CB7D5-DDA3-4FA5-AD35-FFDF72AFBCD9}.Debug|Any CPU.Build.0 = Debug|Any CPU
		{3F3CB7D5-DDA3-4FA5-AD35-FFDF72AFBCD9}.Release|Any CPU.ActiveCfg = Release|Any CPU
		{3F3CB7D5-DDA3-4FA5-AD35-FFDF72AFBCD9}.Release|Any CPU.Build.0 = Release|Any CPU
		{CC321900-0145-4CB5-B4C0-78C5831EEB17}.Debug|Any CPU.ActiveCfg = Debug|Any CPU
		{CC321900-0145-4CB5-B4C0-78C5831EEB17}.Debug|Any CPU.Build.0 = Debug|Any CPU
		{CC321900-0145-4CB5-B4C0-78C5831EEB17}.Release|Any CPU.ActiveCfg = Release|Any CPU
		{CC321900-0145-4CB5-B4C0-78C5831EEB17}.Release|Any CPU.Build.0 = Release|Any CPU
		{259229F2-DAD2-412A-AEDB-AF851BDBB731}.Debug|Any CPU.ActiveCfg = Debug|Any CPU
		{259229F2-DAD2-412A-AEDB-AF851BDBB731}.Debug|Any CPU.Build.0 = Debug|Any CPU
		{259229F2-DAD2-412A-AEDB-AF851BDBB731}.Release|Any CPU.ActiveCfg = Release|Any CPU
		{259229F2-DAD2-412A-AEDB-AF851BDBB731}.Release|Any CPU.Build.0 = Release|Any CPU
	EndGlobalSection
	GlobalSection(SolutionProperties) = preSolution
		HideSolutionNode = FALSE
	EndGlobalSection
EndGlobal
